
Microsoft Visual Studio Solution File, Format Version 12.00
# Visual Studio Version 16
VisualStudioVersion = 16.0.31911.196
MinimumVisualStudioVersion = 10.0.40219.1
Project("{FAE04EC0-301F-11D3-BF4B-00C04F79EFBC}") = "Operators correct", "Operators correct.csproj", "{8B049F90-FA8F-42D0-9FCF-A442DA91400C}"
EndProject
Global
	GlobalSection(SolutionConfigurationPlatforms) = preSolution
		Debug|Any CPU = Debug|Any CPU
		Release|Any CPU = Release|Any CPU
	EndGlobalSection
	GlobalSection(ProjectConfigurationPlatforms) = postSolution
		{8B049F90-FA8F-42D0-9FCF-A442DA91400C}.Debug|Any CPU.ActiveCfg = Debug|Any CPU
		{8B049F90-FA8F-42D0-9FCF-A442DA91400C}.Debug|Any CPU.Build.0 = Debug|Any CPU
		{8B049F90-FA8F-42D0-9FCF-A442DA91400C}.Release|Any CPU.ActiveCfg = Release|Any CPU
		{8B049F90-FA8F-42D0-9FCF-A442DA91400C}.Release|Any CPU.Build.0 = Release|Any CPU
	EndGlobalSection
	GlobalSection(SolutionProperties) = preSolution
		HideSolutionNode = FALSE
	EndGlobalSection
	GlobalSection(ExtensibilityGlobals) = postSolution
		SolutionGuid = {94B079B0-7664-4900-83EC-3D8F3FD84398}
	EndGlobalSection
EndGlobal
